{
  "name": "dashboard",
  "version": "1.0.0",
  "lockfileVersion": 1,
  "requires": true,
  "dependencies": {
    "chart.js": {
      "version": "3.7.1",
      "resolved": "https://registry.npmjs.org/chart.js/-/chart.js-3.7.1.tgz",
      "integrity": "sha512-8knRegQLFnPQAheZV8MjxIXc5gQEfDFD897BJgv/klO/vtIyFFmgMXrNfgrXpbTr/XbTturxRgxIXx/Y+ASJBA=="
    },
    "flatpickr": {
      "version": "4.6.11",
      "resolved": "https://registry.npmjs.org/flatpickr/-/flatpickr-4.6.11.tgz",
      "integrity": "sha512-/rnbE/hu5I5zndLEyYfYvqE4vPDvI5At0lFcQA5eOPfjquZLcQ0HMKTL7rv5/+DvbPM3/vJcXpXjB/DjBh+1jw=="
    },
    "moment": {
      "version": "2.29.1",
      "resolved": "https://registry.npmjs.org/moment/-/moment-2.29.1.tgz",
      "integrity": "sha512-kHmoybcPV8Sqy59DwNDY3Jefr64lK/by/da0ViFcuA4DH0vQg5Q6Ze5VimxkfQNSC+Mls/Kx53s7TjP1RhFEDQ=="
    }
  }
}
